
Microsoft Visual Studio Solution File, Format Version 12.00
# Visual Studio Version 16
VisualStudioVersion = 16.0.29215.179
MinimumVisualStudioVersion = 10.0.40219.1
Project("{FAE04EC0-301F-11D3-BF4B-00C04F79EFBC}") = "övning3.1", "övning4.1\övning3.1.csproj", "{3C166479-61BB-44CC-930A-A357B64CBE9F}"
EndProject
Project("{FAE04EC0-301F-11D3-BF4B-00C04F79EFBC}") = "övning3.2", "övning3.2\övning3.2.csproj", "{994CAA28-58A0-47C8-A97B-9DF9284E39B9}"
EndProject
Project("{FAE04EC0-301F-11D3-BF4B-00C04F79EFBC}") = "övning3.3", "övning3.3\övning3.3.csproj", "{FAA16891-DDBE-4F2C-8950-5CC4BB45B237}"
EndProject
Global
	GlobalSection(SolutionConfigurationPlatforms) = preSolution
		Debug|Any CPU = Debug|Any CPU
		Release|Any CPU = Release|Any CPU
	EndGlobalSection
	GlobalSection(ProjectConfigurationPlatforms) = postSolution
		{3C166479-61BB-44CC-930A-A357B64CBE9F}.Debug|Any CPU.ActiveCfg = Debug|Any CPU
		{3C166479-61BB-44CC-930A-A357B64CBE9F}.Debug|Any CPU.Build.0 = Debug|Any CPU
		{3C166479-61BB-44CC-930A-A357B64CBE9F}.Release|Any CPU.ActiveCfg = Release|Any CPU
		{3C166479-61BB-44CC-930A-A357B64CBE9F}.Release|Any CPU.Build.0 = Release|Any CPU
		{994CAA28-58A0-47C8-A97B-9DF9284E39B9}.Debug|Any CPU.ActiveCfg = Debug|Any CPU
		{994CAA28-58A0-47C8-A97B-9DF9284E39B9}.Debug|Any CPU.Build.0 = Debug|Any CPU
		{994CAA28-58A0-47C8-A97B-9DF9284E39B9}.Release|Any CPU.ActiveCfg = Release|Any CPU
		{994CAA28-58A0-47C8-A97B-9DF9284E39B9}.Release|Any CPU.Build.0 = Release|Any CPU
		{FAA16891-DDBE-4F2C-8950-5CC4BB45B237}.Debug|Any CPU.ActiveCfg = Debug|Any CPU
		{FAA16891-DDBE-4F2C-8950-5CC4BB45B237}.Debug|Any CPU.Build.0 = Debug|Any CPU
		{FAA16891-DDBE-4F2C-8950-5CC4BB45B237}.Release|Any CPU.ActiveCfg = Release|Any CPU
		{FAA16891-DDBE-4F2C-8950-5CC4BB45B237}.Release|Any CPU.Build.0 = Release|Any CPU
	EndGlobalSection
	GlobalSection(SolutionProperties) = preSolution
		HideSolutionNode = FALSE
	EndGlobalSection
	GlobalSection(ExtensibilityGlobals) = postSolution
		SolutionGuid = {8B47EBE1-A795-4811-B3CA-AD72958DE9F5}
	EndGlobalSection
EndGlobal
