
Microsoft Visual Studio Solution File, Format Version 12.00
# Visual Studio Version 16
VisualStudioVersion = 16.0.29215.179
MinimumVisualStudioVersion = 10.0.40219.1
Project("{FAE04EC0-301F-11D3-BF4B-00C04F79EFBC}") = "övning4.1", "Kap_4\övning4.1.csproj", "{66CDB349-B2F2-4E94-AFB2-7B072771FA04}"
EndProject
Project("{FAE04EC0-301F-11D3-BF4B-00C04F79EFBC}") = "övning4.2", "övning4.2\övning4.2.csproj", "{03C9F287-7A81-4384-BA71-C4C58D398A4D}"
EndProject
Global
	GlobalSection(SolutionConfigurationPlatforms) = preSolution
		Debug|Any CPU = Debug|Any CPU
		Release|Any CPU = Release|Any CPU
	EndGlobalSection
	GlobalSection(ProjectConfigurationPlatforms) = postSolution
		{66CDB349-B2F2-4E94-AFB2-7B072771FA04}.Debug|Any CPU.ActiveCfg = Debug|Any CPU
		{66CDB349-B2F2-4E94-AFB2-7B072771FA04}.Debug|Any CPU.Build.0 = Debug|Any CPU
		{66CDB349-B2F2-4E94-AFB2-7B072771FA04}.Release|Any CPU.ActiveCfg = Release|Any CPU
		{66CDB349-B2F2-4E94-AFB2-7B072771FA04}.Release|Any CPU.Build.0 = Release|Any CPU
		{03C9F287-7A81-4384-BA71-C4C58D398A4D}.Debug|Any CPU.ActiveCfg = Debug|Any CPU
		{03C9F287-7A81-4384-BA71-C4C58D398A4D}.Debug|Any CPU.Build.0 = Debug|Any CPU
		{03C9F287-7A81-4384-BA71-C4C58D398A4D}.Release|Any CPU.ActiveCfg = Release|Any CPU
		{03C9F287-7A81-4384-BA71-C4C58D398A4D}.Release|Any CPU.Build.0 = Release|Any CPU
	EndGlobalSection
	GlobalSection(SolutionProperties) = preSolution
		HideSolutionNode = FALSE
	EndGlobalSection
	GlobalSection(ExtensibilityGlobals) = postSolution
		SolutionGuid = {3990207B-FBBE-4669-A69B-0E05F38AE534}
	EndGlobalSection
EndGlobal
